
Microsoft Visual Studio Solution File, Format Version 12.00
# Visual Studio 15
VisualStudioVersion = 15.0.26730.16
MinimumVisualStudioVersion = 10.0.40219.1
Project("{FAE04EC0-301F-11D3-BF4B-00C04F79EFBC}") = "UIA", "UIA\UIA.csproj", "{799BE7E8-8F32-4BDE-9488-70CA95A7CAFC}"
EndProject
Global
	GlobalSection(SolutionConfigurationPlatforms) = preSolution
		Debug|Any CPU = Debug|Any CPU
		Release|Any CPU = Release|Any CPU
	EndGlobalSection
	GlobalSection(ProjectConfigurationPlatforms) = postSolution
		{799BE7E8-8F32-4BDE-9488-70CA95A7CAFC}.Debug|Any CPU.ActiveCfg = Debug|Any CPU
		{799BE7E8-8F32-4BDE-9488-70CA95A7CAFC}.Debug|Any CPU.Build.0 = Debug|Any CPU
		{799BE7E8-8F32-4BDE-9488-70CA95A7CAFC}.Release|Any CPU.ActiveCfg = Release|Any CPU
		{799BE7E8-8F32-4BDE-9488-70CA95A7CAFC}.Release|Any CPU.Build.0 = Release|Any CPU
	EndGlobalSection
	GlobalSection(SolutionProperties) = preSolution
		HideSolutionNode = FALSE
	EndGlobalSection
	GlobalSection(ExtensibilityGlobals) = postSolution
		SolutionGuid = {7B034A2B-E5A1-45D0-8C05-A8E09E759D91}
	EndGlobalSection
EndGlobal
